
Microsoft Visual Studio Solution File, Format Version 12.00
# Visual Studio Version 16
VisualStudioVersion = 16.0.30114.105
MinimumVisualStudioVersion = 10.0.40219.1
Project("{9A19103F-16F7-4668-BE54-9A1E7A4F7556}") = "OpenHouse.Core.Web", "OpenHouse.Core.Web\OpenHouse.Core.Web.csproj", "{86FA5387-4B8A-4A96-8E78-5F8B113694B2}"
	ProjectSection(ProjectDependencies) = postProject
		{8098D07B-8F95-444C-BF0B-CDD110780EA7} = {8098D07B-8F95-444C-BF0B-CDD110780EA7}
	EndProjectSection
EndProject
Project("{9A19103F-16F7-4668-BE54-9A1E7A4F7556}") = "OpenHouse.Model.Core", "OpenHouse.Model.Core\OpenHouse.Model.Core.csproj", "{212508EF-E8A2-4ED8-BA40-3B17414F66C4}"
EndProject
Project("{FAE04EC0-301F-11D3-BF4B-00C04F79EFBC}") = "OpenHouse.Core.Api", "OpenHouse.Core.Api\OpenHouse.Core.Api.csproj", "{8098D07B-8F95-444C-BF0B-CDD110780EA7}"
EndProject
Global
	GlobalSection(SolutionConfigurationPlatforms) = preSolution
		Debug|Any CPU = Debug|Any CPU
		Release|Any CPU = Release|Any CPU
	EndGlobalSection
	GlobalSection(ProjectConfigurationPlatforms) = postSolution
		{86FA5387-4B8A-4A96-8E78-5F8B113694B2}.Debug|Any CPU.ActiveCfg = Debug|Any CPU
		{86FA5387-4B8A-4A96-8E78-5F8B113694B2}.Debug|Any CPU.Build.0 = Debug|Any CPU
		{86FA5387-4B8A-4A96-8E78-5F8B113694B2}.Release|Any CPU.ActiveCfg = Release|Any CPU
		{86FA5387-4B8A-4A96-8E78-5F8B113694B2}.Release|Any CPU.Build.0 = Release|Any CPU
		{212508EF-E8A2-4ED8-BA40-3B17414F66C4}.Debug|Any CPU.ActiveCfg = Debug|Any CPU
		{212508EF-E8A2-4ED8-BA40-3B17414F66C4}.Debug|Any CPU.Build.0 = Debug|Any CPU
		{212508EF-E8A2-4ED8-BA40-3B17414F66C4}.Release|Any CPU.ActiveCfg = Release|Any CPU
		{212508EF-E8A2-4ED8-BA40-3B17414F66C4}.Release|Any CPU.Build.0 = Release|Any CPU
		{8098D07B-8F95-444C-BF0B-CDD110780EA7}.Debug|Any CPU.ActiveCfg = Debug|Any CPU
		{8098D07B-8F95-444C-BF0B-CDD110780EA7}.Debug|Any CPU.Build.0 = Debug|Any CPU
		{8098D07B-8F95-444C-BF0B-CDD110780EA7}.Release|Any CPU.ActiveCfg = Release|Any CPU
		{8098D07B-8F95-444C-BF0B-CDD110780EA7}.Release|Any CPU.Build.0 = Release|Any CPU
	EndGlobalSection
	GlobalSection(SolutionProperties) = preSolution
		HideSolutionNode = FALSE
	EndGlobalSection
	GlobalSection(ExtensibilityGlobals) = postSolution
		SolutionGuid = {099FC255-4146-49B6-B5FE-C46AFA391E05}
	EndGlobalSection
EndGlobal
